// !$*UTF8*$!
{
	archiveVersion = 1;
	classes = {
	};
	objectVersion = 46;
	objects = {

/* Begin PBXBuildFile section */
		7A2D0C7D192D0BF400B2BD14 /* Foundation.framework in Frameworks */ = {isa = PBXBuildFile; fileRef = 7A2D0C7C192D0BF400B2BD14 /* Foundation.framework */; };
		7A2D0C7F192D0BF400B2BD14 /* CoreGraphics.framework in Frameworks */ = {isa = PBXBuildFile; fileRef = 7A2D0C7E192D0BF400B2BD14 /* CoreGraphics.framework */; };
		7A2D0C81192D0BF400B2BD14 /* UIKit.framework in Frameworks */ = {isa = PBXBuildFile; fileRef = 7A2D0C80192D0BF400B2BD14 /* UIKit.framework */; };
		7A2D0C83192D0BF400B2BD14 /* CoreData.framework in Frameworks */ = {isa = PBXBuildFile; fileRef = 7A2D0C82192D0BF400B2BD14 /* CoreData.framework */; };
		7A2D0C89192D0BF400B2BD14 /* InfoPlist.strings in Resources */ = {isa = PBXBuildFile; fileRef = 7A2D0C87192D0BF400B2BD14 /* InfoPlist.strings */; };
		7A2D0C8B192D0BF400B2BD14 /* main.m in Sources */ = {isa = PBXBuildFile; fileRef = 7A2D0C8A192D0BF400B2BD14 /* main.m */; };
		7A2D0C8F192D0BF400B2BD14 /* AppDelegate.m in Sources */ = {isa = PBXBuildFile; fileRef = 7A2D0C8E192D0BF400B2BD14 /* AppDelegate.m */; };
		7A2D0C92192D0BF400B2BD14 /* NSS_IITD.xcdatamodeld in Sources */ = {isa = PBXBuildFile; fileRef = 7A2D0C90192D0BF400B2BD14 /* NSS_IITD.xcdatamodeld */; };
		7A2D0C94192D0BF400B2BD14 /* Images.xcassets in Resources */ = {isa = PBXBuildFile; fileRef = 7A2D0C93192D0BF400B2BD14 /* Images.xcassets */; };
		7A2D0C9B192D0BF400B2BD14 /* XCTest.framework in Frameworks */ = {isa = PBXBuildFile; fileRef = 7A2D0C9A192D0BF400B2BD14 /* XCTest.framework */; };
		7A2D0C9C192D0BF400B2BD14 /* Foundation.framework in Frameworks */ = {isa = PBXBuildFile; fileRef = 7A2D0C7C192D0BF400B2BD14 /* Foundation.framework */; };
		7A2D0C9D192D0BF400B2BD14 /* UIKit.framework in Frameworks */ = {isa = PBXBuildFile; fileRef = 7A2D0C80192D0BF400B2BD14 /* UIKit.framework */; };
		7A2D0C9E192D0BF400B2BD14 /* CoreData.framework in Frameworks */ = {isa = PBXBuildFile; fileRef = 7A2D0C82192D0BF400B2BD14 /* CoreData.framework */; };
		7A2D0CA6192D0BF400B2BD14 /* InfoPlist.strings in Resources */ = {isa = PBXBuildFile; fileRef = 7A2D0CA4192D0BF400B2BD14 /* InfoPlist.strings */; };
		7A2D0CA8192D0BF400B2BD14 /* NSS_IITDTests.m in Sources */ = {isa = PBXBuildFile; fileRef = 7A2D0CA7192D0BF400B2BD14 /* NSS_IITDTests.m */; };
		7A2D0CB2192D1AF500B2BD14 /* Storyboard.storyboard in Resources */ = {isa = PBXBuildFile; fileRef = 7A2D0CB1192D1AF500B2BD14 /* Storyboard.storyboard */; };
		7A2D0CB5192D447100B2BD14 /* hoursViewController.m in Sources */ = {isa = PBXBuildFile; fileRef = 7A2D0CB4192D447100B2BD14 /* hoursViewController.m */; };
		7A47258D19466EC1004282BC /* eventViewController.m in Sources */ = {isa = PBXBuildFile; fileRef = 7A47258C19466EC1004282BC /* eventViewController.m */; };
		7AF24247192F9F150043E2C2 /* postDataViewController.m in Sources */ = {isa = PBXBuildFile; fileRef = 7AF24246192F9F150043E2C2 /* postDataViewController.m */; };
		7AF2424A192FCB800043E2C2 /* UserDetailsViewController.m in Sources */ = {isa = PBXBuildFile; fileRef = 7AF24249192FCB800043E2C2 /* UserDetailsViewController.m */; };
/* End PBXBuildFile section */

/* Begin PBXContainerItemProxy section */
		7A2D0C9F192D0BF400B2BD14 /* PBXContainerItemProxy */ = {
			isa = PBXContainerItemProxy;
			containerPortal = 7A2D0C71192D0BF400B2BD14 /* Project object */;
			proxyType = 1;
			remoteGlobalIDString = 7A2D0C78192D0BF400B2BD14;
			remoteInfo = "NSS IITD";
		};
/* End PBXContainerItemProxy section */

/* Begin PBXFileReference section */
		7A2D0C79192D0BF400B2BD14 /* NSS IITD.app */ = {isa = PBXFileReference; explicitFileType = wrapper.application; includeInIndex = 0; path = "NSS IITD.app"; sourceTree = BUILT_PRODUCTS_DIR; };
		7A2D0C7C192D0BF400B2BD14 /* Foundation.framework */ = {isa = PBXFileReference; lastKnownFileType = wrapper.framework; name = Foundation.framework; path = System/Library/Frameworks/Foundation.framework; sourceTree = SDKROOT; };
		7A2D0C7E192D0BF400B2BD14 /* CoreGraphics.framework */ = {isa = PBXFileReference; lastKnownFileType = wrapper.framework; name = CoreGraphics.framework; path = System/Library/Frameworks/CoreGraphics.framework; sourceTree = SDKROOT; };
		7A2D0C80192D0BF400B2BD14 /* UIKit.framework */ = {isa = PBXFileReference; lastKnownFileType = wrapper.framework; name = UIKit.framework; path = System/Library/Frameworks/UIKit.framework; sourceTree = SDKROOT; };
		7A2D0C82192D0BF400B2BD14 /* CoreData.framework */ = {isa = PBXFileReference; lastKnownFileType = wrapper.framework; name = CoreData.framework; path = System/Library/Frameworks/CoreData.framework; sourceTree = SDKROOT; };
		7A2D0C86192D0BF400B2BD14 /* NSS IITD-Info.plist */ = {isa = PBXFileReference; lastKnownFileType = text.plist.xml; path = "NSS IITD-Info.plist"; sourceTree = "<group>"; };
		7A2D0C88192D0BF400B2BD14 /* en */ = {isa = PBXFileReference; lastKnownFileType = text.plist.strings; name = en; path = en.lproj/InfoPlist.strings; sourceTree = "<group>"; };
		7A2D0C8A192D0BF400B2BD14 /* main.m */ = {isa = PBXFileReference; lastKnownFileType = sourcecode.c.objc; path = main.m; sourceTree = "<group>"; };
		7A2D0C8C192D0BF400B2BD14 /* NSS IITD-Prefix.pch */ = {isa = PBXFileReference; lastKnownFileType = sourcecode.c.h; path = "NSS IITD-Prefix.pch"; sourceTree = "<group>"; };
		7A2D0C8D192D0BF400B2BD14 /* AppDelegate.h */ = {isa = PBXFileReference; lastKnownFileType = sourcecode.c.h; path = AppDelegate.h; sourceTree = "<group>"; };
		7A2D0C8E192D0BF400B2BD14 /* AppDelegate.m */ = {isa = PBXFileReference; lastKnownFileType = sourcecode.c.objc; path = AppDelegate.m; sourceTree = "<group>"; };
		7A2D0C91192D0BF400B2BD14 /* NSS_IITD.xcdatamodel */ = {isa = PBXFileReference; lastKnownFileType = wrapper.xcdatamodel; path = NSS_IITD.xcdatamodel; sourceTree = "<group>"; };
		7A2D0C93192D0BF400B2BD14 /* Images.xcassets */ = {isa = PBXFileReference; lastKnownFileType = folder.assetcatalog; path = Images.xcassets; sourceTree = "<group>"; };
		7A2D0C99192D0BF400B2BD14 /* NSS IITDTests.xctest */ = {isa = PBXFileReference; explicitFileType = wrapper.cfbundle; includeInIndex = 0; path = "NSS IITDTests.xctest"; sourceTree = BUILT_PRODUCTS_DIR; };
		7A2D0C9A192D0BF400B2BD14 /* XCTest.framework */ = {isa = PBXFileReference; lastKnownFileType = wrapper.framework; name = XCTest.framework; path = Library/Frameworks/XCTest.framework; sourceTree = DEVELOPER_DIR; };
		7A2D0CA3192D0BF400B2BD14 /* NSS IITDTests-Info.plist */ = {isa = PBXFileReference; lastKnownFileType = text.plist.xml; path = "NSS IITDTests-Info.plist"; sourceTree = "<group>"; };
		7A2D0CA5192D0BF400B2BD14 /* en */ = {isa = PBXFileReference; lastKnownFileType = text.plist.strings; name = en; path = en.lproj/InfoPlist.strings; sourceTree = "<group>"; };
		7A2D0CA7192D0BF400B2BD14 /* NSS_IITDTests.m */ = {isa = PBXFileReference; lastKnownFileType = sourcecode.c.objc; path = NSS_IITDTests.m; sourceTree = "<group>"; };
		7A2D0CB1192D1AF500B2BD14 /* Storyboard.storyboard */ = {isa = PBXFileReference; fileEncoding = 4; lastKnownFileType = file.storyboard; name = Storyboard.storyboard; path = ../Storyboard.storyboard; sourceTree = "<group>"; };
		7A2D0CB3192D447100B2BD14 /* hoursViewController.h */ = {isa = PBXFileReference; fileEncoding = 4; lastKnownFileType = sourcecode.c.h; path = hoursViewController.h; sourceTree = "<group>"; };
		7A2D0CB4192D447100B2BD14 /* hoursViewController.m */ = {isa = PBXFileReference; fileEncoding = 4; lastKnownFileType = sourcecode.c.objc; path = hoursViewController.m; sourceTree = "<group>"; };
		7A47258B19466EC1004282BC /* eventViewController.h */ = {isa = PBXFileReference; fileEncoding = 4; lastKnownFileType = sourcecode.c.h; path = eventViewController.h; sourceTree = "<group>"; };
		7A47258C19466EC1004282BC /* eventViewController.m */ = {isa = PBXFileReference; fileEncoding = 4; lastKnownFileType = sourcecode.c.objc; path = eventViewController.m; sourceTree = "<group>"; };
		7AF24245192F9F150043E2C2 /* postDataViewController.h */ = {isa = PBXFileReference; fileEncoding = 4; lastKnownFileType = sourcecode.c.h; path = postDataViewController.h; sourceTree = "<group>"; };
		7AF24246192F9F150043E2C2 /* postDataViewController.m */ = {isa = PBXFileReference; fileEncoding = 4; lastKnownFileType = sourcecode.c.objc; path = postDataViewController.m; sourceTree = "<group>"; };
		7AF24248192FCB800043E2C2 /* UserDetailsViewController.h */ = {isa = PBXFileReference; fileEncoding = 4; lastKnownFileType = sourcecode.c.h; path = UserDetailsViewController.h; sourceTree = "<group>"; };
		7AF24249192FCB800043E2C2 /* UserDetailsViewController.m */ = {isa = PBXFileReference; fileEncoding = 4; lastKnownFileType = sourcecode.c.objc; path = UserDetailsViewController.m; sourceTree = "<group>"; };
/* End PBXFileReference section */

/* Begin PBXFrameworksBuildPhase section */
		7A2D0C76192D0BF400B2BD14 /* Frameworks */ = {
			isa = PBXFrameworksBuildPhase;
			buildActionMask = 2147483647;
			files = (
				7A2D0C7F192D0BF400B2BD14 /* CoreGraphics.framework in Frameworks */,
				7A2D0C83192D0BF400B2BD14 /* CoreData.framework in Frameworks */,
				7A2D0C81192D0BF400B2BD14 /* UIKit.framework in Frameworks */,
				7A2D0C7D192D0BF400B2BD14 /* Foundation.framework in Frameworks */,
			);
			runOnlyForDeploymentPostprocessing = 0;
		};
		7A2D0C96192D0BF400B2BD14 /* Frameworks */ = {
			isa = PBXFrameworksBuildPhase;
			buildActionMask = 2147483647;
			files = (
				7A2D0C9B192D0BF400B2BD14 /* XCTest.framework in Frameworks */,
				7A2D0C9E192D0BF400B2BD14 /* CoreData.framework in Frameworks */,
				7A2D0C9D192D0BF400B2BD14 /* UIKit.framework in Frameworks */,
				7A2D0C9C192D0BF400B2BD14 /* Foundation.framework in Frameworks */,
			);
			runOnlyForDeploymentPostprocessing = 0;
		};
/* End PBXFrameworksBuildPhase section */

/* Begin PBXGroup section */
		7A2D0C70192D0BF400B2BD14 = {
			isa = PBXGroup;
			children = (
				7A2D0C84192D0BF400B2BD14 /* NSS IITD */,
				7A2D0CA1192D0BF400B2BD14 /* NSS IITDTests */,
				7A2D0C7B192D0BF400B2BD14 /* Frameworks */,
				7A2D0C7A192D0BF400B2BD14 /* Products */,
			);
			sourceTree = "<group>";
		};
		7A2D0C7A192D0BF400B2BD14 /* Products */ = {
			isa = PBXGroup;
			children = (
				7A2D0C79192D0BF400B2BD14 /* NSS IITD.app */,
				7A2D0C99192D0BF400B2BD14 /* NSS IITDTests.xctest */,
			);
			name = Products;
			sourceTree = "<group>";
		};
		7A2D0C7B192D0BF400B2BD14 /* Frameworks */ = {
			isa = PBXGroup;
			children = (
				7A2D0C7C192D0BF400B2BD14 /* Foundation.framework */,
				7A2D0C7E192D0BF400B2BD14 /* CoreGraphics.framework */,
				7A2D0C80192D0BF400B2BD14 /* UIKit.framework */,
				7A2D0C82192D0BF400B2BD14 /* CoreData.framework */,
				7A2D0C9A192D0BF400B2BD14 /* XCTest.framework */,
			);
			name = Frameworks;
			sourceTree = "<group>";
		};
		7A2D0C84192D0BF400B2BD14 /* NSS IITD */ = {
			isa = PBXGroup;
			children = (
				7A2D0CB1192D1AF500B2BD14 /* Storyboard.storyboard */,
				7A47258B19466EC1004282BC /* eventViewController.h */,
				7A47258C19466EC1004282BC /* eventViewController.m */,
				7AF24248192FCB800043E2C2 /* UserDetailsViewController.h */,
				7AF24249192FCB800043E2C2 /* UserDetailsViewController.m */,
				7AF24245192F9F150043E2C2 /* postDataViewController.h */,
				7AF24246192F9F150043E2C2 /* postDataViewController.m */,
				7A2D0CB3192D447100B2BD14 /* hoursViewController.h */,
				7A2D0CB4192D447100B2BD14 /* hoursViewController.m */,
				7A2D0C8D192D0BF400B2BD14 /* AppDelegate.h */,
				7A2D0C8E192D0BF400B2BD14 /* AppDelegate.m */,
				7A2D0C93192D0BF400B2BD14 /* Images.xcassets */,
				7A2D0C90192D0BF400B2BD14 /* NSS_IITD.xcdatamodeld */,
				7A2D0C85192D0BF400B2BD14 /* Supporting Files */,
			);
			path = "NSS IITD";
			sourceTree = "<group>";
		};
		7A2D0C85192D0BF400B2BD14 /* Supporting Files */ = {
			isa = PBXGroup;
			children = (
				7A2D0C86192D0BF400B2BD14 /* NSS IITD-Info.plist */,
				7A2D0C87192D0BF400B2BD14 /* InfoPlist.strings */,
				7A2D0C8A192D0BF400B2BD14 /* main.m */,
				7A2D0C8C192D0BF400B2BD14 /* NSS IITD-Prefix.pch */,
			);
			name = "Supporting Files";
			sourceTree = "<group>";
		};
		7A2D0CA1192D0BF400B2BD14 /* NSS IITDTests */ = {
			isa = PBXGroup;
			children = (
				7A2D0CA7192D0BF400B2BD14 /* NSS_IITDTests.m */,
				7A2D0CA2192D0BF400B2BD14 /* Supporting Files */,
			);
			path = "NSS IITDTests";
			sourceTree = "<group>";
		};
		7A2D0CA2192D0BF400B2BD14 /* Supporting Files */ = {
			isa = PBXGroup;
			children = (
				7A2D0CA3192D0BF400B2BD14 /* NSS IITDTests-Info.plist */,
				7A2D0CA4192D0BF400B2BD14 /* InfoPlist.strings */,
			);
			name = "Supporting Files";
			sourceTree = "<group>";
		};
/* End PBXGroup section */

/* Begin PBXNativeTarget section */
		7A2D0C78192D0BF400B2BD14 /* NSS IITD */ = {
			isa = PBXNativeTarget;
			buildConfigurationList = 7A2D0CAB192D0BF400B2BD14 /* Build configuration list for PBXNativeTarget "NSS IITD" */;
			buildPhases = (
				7A2D0C75192D0BF400B2BD14 /* Sources */,
				7A2D0C76192D0BF400B2BD14 /* Frameworks */,
				7A2D0C77192D0BF400B2BD14 /* Resources */,
			);
			buildRules = (
			);
			dependencies = (
			);
			name = "NSS IITD";
			productName = "NSS IITD";
			productReference = 7A2D0C79192D0BF400B2BD14 /* NSS IITD.app */;
			productType = "com.apple.product-type.application";
		};
		7A2D0C98192D0BF400B2BD14 /* NSS IITDTests */ = {
			isa = PBXNativeTarget;
			buildConfigurationList = 7A2D0CAE192D0BF400B2BD14 /* Build configuration list for PBXNativeTarget "NSS IITDTests" */;
			buildPhases = (
				7A2D0C95192D0BF400B2BD14 /* Sources */,
				7A2D0C96192D0BF400B2BD14 /* Frameworks */,
				7A2D0C97192D0BF400B2BD14 /* Resources */,
			);
			buildRules = (
			);
			dependencies = (
				7A2D0CA0192D0BF400B2BD14 /* PBXTargetDependency */,
			);
			name = "NSS IITDTests";
			productName = "NSS IITDTests";
			productReference = 7A2D0C99192D0BF400B2BD14 /* NSS IITDTests.xctest */;
			productType = "com.apple.product-type.bundle.unit-test";
		};
/* End PBXNativeTarget section */

/* Begin PBXProject section */
		7A2D0C71192D0BF400B2BD14 /* Project object */ = {
			isa = PBXProject;
			attributes = {
				LastUpgradeCheck = 0510;
				ORGANIZATIONNAME = "Robin's code kitchen";
				TargetAttributes = {
					7A2D0C98192D0BF400B2BD14 = {
						TestTargetID = 7A2D0C78192D0BF400B2BD14;
					};
				};
			};
			buildConfigurationList = 7A2D0C74192D0BF400B2BD14 /* Build configuration list for PBXProject "NSS IITD" */;
			compatibilityVersion = "Xcode 3.2";
			developmentRegion = English;
			hasScannedForEncodings = 0;
			knownRegions = (
				en,
			);
			mainGroup = 7A2D0C70192D0BF400B2BD14;
			productRefGroup = 7A2D0C7A192D0BF400B2BD14 /* Products */;
			projectDirPath = "";
			projectRoot = "";
			targets = (
				7A2D0C78192D0BF400B2BD14 /* NSS IITD */,
				7A2D0C98192D0BF400B2BD14 /* NSS IITDTests */,
			);
		};
/* End PBXProject section */

/* Begin PBXResourcesBuildPhase section */
		7A2D0C77192D0BF400B2BD14 /* Resources */ = {
			isa = PBXResourcesBuildPhase;
			buildActionMask = 2147483647;
			files = (
				7A2D0C89192D0BF400B2BD14 /* InfoPlist.strings in Resources */,
				7A2D0C94192D0BF400B2BD14 /* Images.xcassets in Resources */,
				7A2D0CB2192D1AF500B2BD14 /* Storyboard.storyboard in Resources */,
			);
			runOnlyForDeploymentPostprocessing = 0;
		};
		7A2D0C97192D0BF400B2BD14 /* Resources */ = {
			isa = PBXResourcesBuildPhase;
			buildActionMask = 2147483647;
			files = (
				7A2D0CA6192D0BF400B2BD14 /* InfoPlist.strings in Resources */,
			);
			runOnlyForDeploymentPostprocessing = 0;
		};
/* End PBXResourcesBuildPhase section */

/* Begin PBXSourcesBuildPhase section */
		7A2D0C75192D0BF400B2BD14 /* Sources */ = {
			isa = PBXSourcesBuildPhase;
			buildActionMask = 2147483647;
			files = (
				7A2D0CB5192D447100B2BD14 /* hoursViewController.m in Sources */,
				7AF24247192F9F150043E2C2 /* postDataViewController.m in Sources */,
				7A2D0C8F192D0BF400B2BD14 /* AppDelegate.m in Sources */,
				7A2D0C92192D0BF400B2BD14 /* NSS_IITD.xcdatamodeld in Sources */,
				7A47258D19466EC1004282BC /* eventViewController.m in Sources */,
				7AF2424A192FCB800043E2C2 /* UserDetailsViewController.m in Sources */,
				7A2D0C8B192D0BF400B2BD14 /* main.m in Sources */,
			);
			runOnlyForDeploymentPostprocessing = 0;
		};
		7A2D0C95192D0BF400B2BD14 /* Sources */ = {
			isa = PBXSourcesBuildPhase;
			buildActionMask = 2147483647;
			files = (
				7A2D0CA8192D0BF400B2BD14 /* NSS_IITDTests.m in Sources */,
			);
			runOnlyForDeploymentPostprocessing = 0;
		};
/* End PBXSourcesBuildPhase section */

/* Begin PBXTargetDependency section */
		7A2D0CA0192D0BF400B2BD14 /* PBXTargetDependency */ = {
			isa = PBXTargetDependency;
			target = 7A2D0C78192D0BF400B2BD14 /* NSS IITD */;
			targetProxy = 7A2D0C9F192D0BF400B2BD14 /* PBXContainerItemProxy */;
		};
/* End PBXTargetDependency section */

/* Begin PBXVariantGroup section */
		7A2D0C87192D0BF400B2BD14 /* InfoPlist.strings */ = {
			isa = PBXVariantGroup;
			children = (
				7A2D0C88192D0BF400B2BD14 /* en */,
			);
			name = InfoPlist.strings;
			sourceTree = "<group>";
		};
		7A2D0CA4192D0BF400B2BD14 /* InfoPlist.strings */ = {
			isa = PBXVariantGroup;
			children = (
				7A2D0CA5192D0BF400B2BD14 /* en */,
			);
			name = InfoPlist.strings;
			sourceTree = "<group>";
		};
/* End PBXVariantGroup section */

/* Begin XCBuildConfiguration section */
		7A2D0CA9192D0BF400B2BD14 /* Debug */ = {
			isa = XCBuildConfiguration;
			buildSettings = {
				ALWAYS_SEARCH_USER_PATHS = NO;
				CLANG_CXX_LANGUAGE_STANDARD = "gnu++0x";
				CLANG_CXX_LIBRARY = "libc++";
				CLANG_ENABLE_MODULES = YES;
				CLANG_ENABLE_OBJC_ARC = YES;
				CLANG_WARN_BOOL_CONVERSION = YES;
				CLANG_WARN_CONSTANT_CONVERSION = YES;
				CLANG_WARN_DIRECT_OBJC_ISA_USAGE = YES_ERROR;
				CLANG_WARN_EMPTY_BODY = YES;
				CLANG_WARN_ENUM_CONVERSION = YES;
				CLANG_WARN_INT_CONVERSION = YES;
				CLANG_WARN_OBJC_ROOT_CLASS = YES_ERROR;
				CLANG_WARN__DUPLICATE_METHOD_MATCH = YES;
				"CODE_SIGN_IDENTITY[sdk=iphoneos*]" = "iPhone Developer";
				COPY_PHASE_STRIP = NO;
				GCC_C_LANGUAGE_STANDARD = gnu99;
				GCC_DYNAMIC_NO_PIC = NO;
				GCC_OPTIMIZATION_LEVEL = 0;
				GCC_PREPROCESSOR_DEFINITIONS = (
					"DEBUG=1",
					"$(inherited)",
				);
				GCC_SYMBOLS_PRIVATE_EXTERN = NO;
				GCC_WARN_64_TO_32_BIT_CONVERSION = YES;
				GCC_WARN_ABOUT_RETURN_TYPE = YES_ERROR;
				GCC_WARN_UNDECLARED_SELECTOR = YES;
				GCC_WARN_UNINITIALIZED_AUTOS = YES_AGGRESSIVE;
				GCC_WARN_UNUSED_FUNCTION = YES;
				GCC_WARN_UNUSED_VARIABLE = YES;
				IPHONEOS_DEPLOYMENT_TARGET = 7.1;
				ONLY_ACTIVE_ARCH = YES;
				SDKROOT = iphoneos;
			};
			name = Debug;
		};
		7A2D0CAA192D0BF400B2BD14 /* Release */ = {
			isa = XCBuildConfiguration;
			buildSettings = {
				ALWAYS_SEARCH_USER_PATHS = NO;
				CLANG_CXX_LANGUAGE_STANDARD = "gnu++0x";
				CLANG_CXX_LIBRARY = "libc++";
				CLANG_ENABLE_MODULES = YES;
				CLANG_ENABLE_OBJC_ARC = YES;
				CLANG_WARN_BOOL_CONVERSION = YES;
				CLANG_WARN_CONSTANT_CONVERSION = YES;
				CLANG_WARN_DIRECT_OBJC_ISA_USAGE = YES_ERROR;
				CLANG_WARN_EMPTY_BODY = YES;
				CLANG_WARN_ENUM_CONVERSION = YES;
				CLANG_WARN_INT_CONVERSION = YES;
				CLANG_WARN_OBJC_ROOT_CLASS = YES_ERROR;
				CLANG_WARN__DUPLICATE_METHOD_MATCH = YES;
				"CODE_SIGN_IDENTITY[sdk=iphoneos*]" = "iPhone Developer";
				COPY_PHASE_STRIP = YES;
				ENABLE_NS_ASSERTIONS = NO;
				GCC_C_LANGUAGE_STANDARD = gnu99;
				GCC_WARN_64_TO_32_BIT_CONVERSION = YES;
				GCC_WARN_ABOUT_RETURN_TYPE = YES_ERROR;
				GCC_WARN_UNDECLARED_SELECTOR = YES;
				GCC_WARN_UNINITIALIZED_AUTOS = YES_AGGRESSIVE;
				GCC_WARN_UNUSED_FUNCTION = YES;
				GCC_WARN_UNUSED_VARIABLE = YES;
				IPHONEOS_DEPLOYMENT_TARGET = 7.1;
				SDKROOT = iphoneos;
				VALIDATE_PRODUCT = YES;
			};
			name = Release;
		};
		7A2D0CAC192D0BF400B2BD14 /* Debug */ = {
			isa = XCBuildConfiguration;
			buildSettings = {
				ASSETCATALOG_COMPILER_APPICON_NAME = AppIcon;
				ASSETCATALOG_COMPILER_LAUNCHIMAGE_NAME = LaunchImage;
				GCC_PRECOMPILE_PREFIX_HEADER = YES;
				GCC_PREFIX_HEADER = "NSS IITD/NSS IITD-Prefix.pch";
				INFOPLIST_FILE = "NSS IITD/NSS IITD-Info.plist";
				IPHONEOS_DEPLOYMENT_TARGET = 7.0;
				PRODUCT_NAME = "$(TARGET_NAME)";
				WRAPPER_EXTENSION = app;
			};
			name = Debug;
		};
		7A2D0CAD192D0BF400B2BD14 /* Release */ = {
			isa = XCBuildConfiguration;
			buildSettings = {
				ASSETCATALOG_COMPILER_APPICON_NAME = AppIcon;
				ASSETCATALOG_COMPILER_LAUNCHIMAGE_NAME = LaunchImage;
				GCC_PRECOMPILE_PREFIX_HEADER = YES;
				GCC_PREFIX_HEADER = "NSS IITD/NSS IITD-Prefix.pch";
				INFOPLIST_FILE = "NSS IITD/NSS IITD-Info.plist";
				IPHONEOS_DEPLOYMENT_TARGET = 7.0;
				PRODUCT_NAME = "$(TARGET_NAME)";
				WRAPPER_EXTENSION = app;
			};
			name = Release;
		};
		7A2D0CAF192D0BF400B2BD14 /* Debug */ = {
			isa = XCBuildConfiguration;
			buildSettings = {
				BUNDLE_LOADER = "$(BUILT_PRODUCTS_DIR)/NSS IITD.app/NSS IITD";
				FRAMEWORK_SEARCH_PATHS = (
					"$(SDKROOT)/Developer/Library/Frameworks",
					"$(inherited)",
					"$(DEVELOPER_FRAMEWORKS_DIR)",
				);
				GCC_PRECOMPILE_PREFIX_HEADER = YES;
				GCC_PREFIX_HEADER = "NSS IITD/NSS IITD-Prefix.pch";
				GCC_PREPROCESSOR_DEFINITIONS = (
					"DEBUG=1",
					"$(inherited)",
				);
				INFOPLIST_FILE = "NSS IITDTests/NSS IITDTests-Info.plist";
				PRODUCT_NAME = "$(TARGET_NAME)";
				TEST_HOST = "$(BUNDLE_LOADER)";
				WRAPPER_EXTENSION = xctest;
			};
			name = Debug;
		};
		7A2D0CB0192D0BF400B2BD14 /* Release */ = {
			isa = XCBuildConfiguration;
			buildSettings = {
				BUNDLE_LOADER = "$(BUILT_PRODUCTS_DIR)/NSS IITD.app/NSS IITD";
				FRAMEWORK_SEARCH_PATHS = (
					"$(SDKROOT)/Developer/Library/Frameworks",
					"$(inherited)",
					"$(DEVELOPER_FRAMEWORKS_DIR)",
				);
				GCC_PRECOMPILE_PREFIX_HEADER = YES;
				GCC_PREFIX_HEADER = "NSS IITD/NSS IITD-Prefix.pch";
				INFOPLIST_FILE = "NSS IITDTests/NSS IITDTests-Info.plist";
				PRODUCT_NAME = "$(TARGET_NAME)";
				TEST_HOST = "$(BUNDLE_LOADER)";
				WRAPPER_EXTENSION = xctest;
			};
			name = Release;
		};
/* End XCBuildConfiguration section */

/* Begin XCConfigurationList section */
		7A2D0C74192D0BF400B2BD14 /* Build configuration list for PBXProject "NSS IITD" */ = {
			isa = XCConfigurationList;
			buildConfigurations = (
				7A2D0CA9192D0BF400B2BD14 /* Debug */,
				7A2D0CAA192D0BF400B2BD14 /* Release */,
			);
			defaultConfigurationIsVisible = 0;
			defaultConfigurationName = Release;
		};
		7A2D0CAB192D0BF400B2BD14 /* Build configuration list for PBXNativeTarget "NSS IITD" */ = {
			isa = XCConfigurationList;
			buildConfigurations = (
				7A2D0CAC192D0BF400B2BD14 /* Debug */,
				7A2D0CAD192D0BF400B2BD14 /* Release */,
			);
			defaultConfigurationIsVisible = 0;
			defaultConfigurationName = Release;
		};
		7A2D0CAE192D0BF400B2BD14 /* Build configuration list for PBXNativeTarget "NSS IITDTests" */ = {
			isa = XCConfigurationList;
			buildConfigurations = (
				7A2D0CAF192D0BF400B2BD14 /* Debug */,
				7A2D0CB0192D0BF400B2BD14 /* Release */,
			);
			defaultConfigurationIsVisible = 0;
			defaultConfigurationName = Release;
		};
/* End XCConfigurationList section */

/* Begin XCVersionGroup section */
		7A2D0C90192D0BF400B2BD14 /* NSS_IITD.xcdatamodeld */ = {
			isa = XCVersionGroup;
			children = (
				7A2D0C91192D0BF400B2BD14 /* NSS_IITD.xcdatamodel */,
			);
			currentVersion = 7A2D0C91192D0BF400B2BD14 /* NSS_IITD.xcdatamodel */;
			path = NSS_IITD.xcdatamodeld;
			sourceTree = "<group>";
			versionGroupType = wrapper.xcdatamodel;
		};
/* End XCVersionGroup section */
	};
	rootObject = 7A2D0C71192D0BF400B2BD14 /* Project object */;
}
